
Microsoft Visual Studio Solution File, Format Version 12.00
# Visual Studio Version 16
VisualStudioVersion = 16.0.30621.155
MinimumVisualStudioVersion = 10.0.40219.1
Project("{FAE04EC0-301F-11D3-BF4B-00C04F79EFBC}") = "KatlynMurphyPizzaStore", "KatlynMurphyPizzaStore\KatlynMurphyPizzaStore.csproj", "{64E938F3-9AAF-4FD7-A91F-FAE1A6051E80}"
EndProject
Global
	GlobalSection(SolutionConfigurationPlatforms) = preSolution
		Debug|Any CPU = Debug|Any CPU
		Release|Any CPU = Release|Any CPU
	EndGlobalSection
	GlobalSection(ProjectConfigurationPlatforms) = postSolution
		{64E938F3-9AAF-4FD7-A91F-FAE1A6051E80}.Debug|Any CPU.ActiveCfg = Debug|Any CPU
		{64E938F3-9AAF-4FD7-A91F-FAE1A6051E80}.Debug|Any CPU.Build.0 = Debug|Any CPU
		{64E938F3-9AAF-4FD7-A91F-FAE1A6051E80}.Release|Any CPU.ActiveCfg = Release|Any CPU
		{64E938F3-9AAF-4FD7-A91F-FAE1A6051E80}.Release|Any CPU.Build.0 = Release|Any CPU
	EndGlobalSection
	GlobalSection(SolutionProperties) = preSolution
		HideSolutionNode = FALSE
	EndGlobalSection
	GlobalSection(ExtensibilityGlobals) = postSolution
		SolutionGuid = {625FCC46-4461-45BA-A2B2-0CDD7D32B0A9}
	EndGlobalSection
EndGlobal
